
Microsoft Visual Studio Solution File, Format Version 12.00
# Visual Studio Version 17
VisualStudioVersion = 17.5.33530.505
MinimumVisualStudioVersion = 10.0.40219.1
Project("{9A19103F-16F7-4668-BE54-9A1E7A4F7556}") = "OrderTesting", "OrderTesting\OrderTesting.csproj", "{06D50FA2-54D4-468B-85ED-72BE9EF2813B}"
EndProject
Global
	GlobalSection(SolutionConfigurationPlatforms) = preSolution
		Debug|Any CPU = Debug|Any CPU
		Release|Any CPU = Release|Any CPU
	EndGlobalSection
	GlobalSection(ProjectConfigurationPlatforms) = postSolution
		{06D50FA2-54D4-468B-85ED-72BE9EF2813B}.Debug|Any CPU.ActiveCfg = Debug|Any CPU
		{06D50FA2-54D4-468B-85ED-72BE9EF2813B}.Debug|Any CPU.Build.0 = Debug|Any CPU
		{06D50FA2-54D4-468B-85ED-72BE9EF2813B}.Release|Any CPU.ActiveCfg = Release|Any CPU
		{06D50FA2-54D4-468B-85ED-72BE9EF2813B}.Release|Any CPU.Build.0 = Release|Any CPU
	EndGlobalSection
	GlobalSection(SolutionProperties) = preSolution
		HideSolutionNode = FALSE
	EndGlobalSection
	GlobalSection(ExtensibilityGlobals) = postSolution
		SolutionGuid = {4DEC454E-917C-46BB-BD87-C10D064B9217}
	EndGlobalSection
EndGlobal
